Microsoft Visual Studio Solution File, Format Version 12.00
# Visual Studio Version 17
VisualStudioVersion = 17.5.2.0
MinimumVisualStudioVersion = 10.0.40219.1
Project("{FAE04EC0-301F-11D3-BF4B-00C04F79EFBC}") = "MachineManagement.API", "MachineManagement.API\MachineManagement.API.csproj", "{217745CC-969F-75BE-2DCD-6C5C766AF668}"
EndProject
Global
	GlobalSection(SolutionConfigurationPlatforms) = preSolution
		Debug|Any CPU = Debug|Any CPU
		Release|Any CPU = Release|Any CPU
	EndGlobalSection
	GlobalSection(ProjectConfigurationPlatforms) = postSolution
		{217745CC-969F-75BE-2DCD-6C5C766AF668}.Debug|Any CPU.ActiveCfg = Debug|Any CPU
		{217745CC-969F-75BE-2DCD-6C5C766AF668}.Debug|Any CPU.Build.0 = Debug|Any CPU
		{217745CC-969F-75BE-2DCD-6C5C766AF668}.Release|Any CPU.ActiveCfg = Release|Any CPU
		{217745CC-969F-75BE-2DCD-6C5C766AF668}.Release|Any CPU.Build.0 = Release|Any CPU
	EndGlobalSection
	GlobalSection(SolutionProperties) = preSolution
		HideSolutionNode = FALSE
	EndGlobalSection
	GlobalSection(ExtensibilityGlobals) = postSolution
		SolutionGuid = {641E3FDA-C46D-4885-A477-DF6671F924DD}
	EndGlobalSection
EndGlobal
